
Microsoft Visual Studio Solution File, Format Version 12.00
# Visual Studio 15
Project("{FAE04EC0-301F-11D3-BF4B-00C04F79EFBC}") = "AppServiceTest1", "AppServiceTest1\AppServiceTest1.csproj", "{87200C01-6C07-464F-ACE6-DF9519DF8AEE}"
EndProject
Global
	GlobalSection(SolutionConfigurationPlatforms) = preSolution
		Debug|Any CPU = Debug|Any CPU
		Release|Any CPU = Release|Any CPU
	EndGlobalSection
	GlobalSection(ProjectConfigurationPlatforms) = postSolution
		{87200C01-6C07-464F-ACE6-DF9519DF8AEE}.Debug|Any CPU.ActiveCfg = Debug|Any CPU
		{87200C01-6C07-464F-ACE6-DF9519DF8AEE}.Debug|Any CPU.Build.0 = Debug|Any CPU
		{87200C01-6C07-464F-ACE6-DF9519DF8AEE}.Release|Any CPU.ActiveCfg = Release|Any CPU
		{87200C01-6C07-464F-ACE6-DF9519DF8AEE}.Release|Any CPU.Build.0 = Release|Any CPU
	EndGlobalSection
EndGlobal
